<?xml version="1.0" encoding="utf-8"?>
<Project ToolsVersion="4.0" xmlns="http://schemas.microsoft.com/developer/msbuild/2003">
  <ItemGroup>
    <Filter Include="Demo Files">
      <UniqueIdentifier>{34b4a4c9-782e-4ce9-bfa3-88e3da53d66a}</UniqueIdentifier>
    </Filter>
    <Filter Include="Shader Files">
      <UniqueIdentifier>{67DA6AB6-F800-4c08-8B7A-83BB121AAD01}</UniqueIdentifier>
      <Extensions>rc;ico;cur;bmp;dlg;rc2;rct;bin;rgs;gif;jpg;jpeg;jpe;resx;tiff;tif;png;wav;mfcribbon-ms</Extensions>
    </Filter>
    <Filter Include="Assets">
      <UniqueIdentifier>{977b02f5-001c-414e-a414-603494b85a3d}</UniqueIdentifier>
    </Filter>
    <Filter Include="Assets\Background">
      <UniqueIdentifier>{333307f0-71dc-49be-91fd-b2f465c8419c}</UniqueIdentifier>
    </Filter>
    <Filter Include="BaseCharacter">
      <UniqueIdentifier>{6f6de387-99f3-4c72-8d19-e8ce9837f564}</UniqueIdentifier>
    </Filter>
    <Filter Include="BaseCharacter\NPC">
      <UniqueIdentifier>{4f3f1c43-3517-4f05-9e05-59b7ce8a820f}</UniqueIdentifier>
    </Filter>
    <Filter Include="BaseCharacter\NPC\Enemy">
      <UniqueIdentifier>{bb3479d7-e765-4800-82d0-287f0f204f01}</UniqueIdentifier>
    </Filter>
    <Filter Include="BaseCharacter\Player">
      <UniqueIdentifier>{135c1c26-3b8a-446a-9c67-114f1f821b6e}</UniqueIdentifier>
    </Filter>
    <Filter Include="Weapon System">
      <UniqueIdentifier>{898ceb21-975c-48ca-882a-8fd8a1a22153}</UniqueIdentifier>
    </Filter>
    <Filter Include="Engine Library">
      <UniqueIdentifier>{c4110819-bdbd-41c3-b6b6-bf7b3ceab3eb}</UniqueIdentifier>
    </Filter>
    <Filter Include="Engine Library\Source Files">
      <UniqueIdentifier>{fef8d4f1-32a5-40ca-aff6-cd5851b168da}</UniqueIdentifier>
    </Filter>
    <Filter Include="Engine Library\Header">
      <UniqueIdentifier>{51a880d3-fd4e-46d4-b061-1ac52ff3c2ce}</UniqueIdentifier>
    </Filter>
    <Filter Include="Screen Manager">
      <UniqueIdentifier>{7ac6e49a-b58c-499b-8dd3-f7a7bb694ef2}</UniqueIdentifier>
    </Filter>
    <Filter Include="Weapon System\Pistol">
      <UniqueIdentifier>{f7b8c903-ef00-4d85-bf75-5a57791afdd7}</UniqueIdentifier>
    </Filter>
    <Filter Include="Assets\Weapon">
      <UniqueIdentifier>{fa2e8e1e-ebaa-45ff-8ba9-a6b426efb903}</UniqueIdentifier>
    </Filter>
    <Filter Include="Assets\Weapon\Pistol">
      <UniqueIdentifier>{db253c80-2141-47ac-8948-98fd4fb8204e}</UniqueIdentifier>
    </Filter>
    <Filter Include="Weapon System\Bullet">
      <UniqueIdentifier>{ad030ea7-5a20-47bb-bf36-082564642ff8}</UniqueIdentifier>
    </Filter>
    <Filter Include="Weapon System\Rifle">
      <UniqueIdentifier>{f95f0204-4bf1-4d06-ad50-64a776789398}</UniqueIdentifier>
    </Filter>
  </ItemGroup>
  <ItemGroup>
    <None Include="sprite.frag">
      <Filter>Shader Files</Filter>
    </None>
    <None Include="sprite.vert">
      <Filter>Shader Files</Filter>
    </None>
    <None Include="text.frag">
      <Filter>Shader Files</Filter>
    </None>
    <None Include="text.vert">
      <Filter>Shader Files</Filter>
    </None>
  </ItemGroup>
  <ItemGroup>
    <ClInclude Include="Main.h">
      <Filter>Demo Files</Filter>
    </ClInclude>
    <ClInclude Include="Button.h">
      <Filter>Demo Files</Filter>
    </ClInclude>
    <ClInclude Include="Enemy.h">
      <Filter>BaseCharacter\NPC\Enemy</Filter>
    </ClInclude>
    <ClInclude Include="..\..\..\..\backup\Projekt\Projekt-Geming\vs\Project\Demo.h">
      <Filter>Demo Files</Filter>
    </ClInclude>
    <ClInclude Include="BaseCharacter.h">
      <Filter>BaseCharacter</Filter>
    </ClInclude>
    <ClInclude Include="Player.h">
      <Filter>BaseCharacter\Player</Filter>
    </ClInclude>
    <ClInclude Include="WeaponManager.h">
      <Filter>Weapon System</Filter>
    </ClInclude>
    <ClInclude Include="BoundingBox.h">
      <Filter>Engine Library\Header</Filter>
    </ClInclude>
    <ClInclude Include="Game.h">
      <Filter>Engine Library\Header</Filter>
    </ClInclude>
    <ClInclude Include="Input.h">
      <Filter>Engine Library\Header</Filter>
    </ClInclude>
    <ClInclude Include="Music.h">
      <Filter>Engine Library\Header</Filter>
    </ClInclude>
    <ClInclude Include="Quad.h">
      <Filter>Engine Library\Header</Filter>
    </ClInclude>
    <ClInclude Include="SATCollision.h">
      <Filter>Engine Library\Header</Filter>
    </ClInclude>
    <ClInclude Include="Setting.h">
      <Filter>Engine Library\Header</Filter>
    </ClInclude>
    <ClInclude Include="Shader.h">
      <Filter>Engine Library\Header</Filter>
    </ClInclude>
    <ClInclude Include="Sound.h">
      <Filter>Engine Library\Header</Filter>
    </ClInclude>
    <ClInclude Include="Sprite.h">
      <Filter>Engine Library\Header</Filter>
    </ClInclude>
    <ClInclude Include="Testosteron.h">
      <Filter>Engine Library\Header</Filter>
    </ClInclude>
    <ClInclude Include="Text.h">
      <Filter>Engine Library\Header</Filter>
    </ClInclude>
    <ClInclude Include="Texture.h">
      <Filter>Engine Library\Header</Filter>
    </ClInclude>
    <ClInclude Include="Screen.h">
      <Filter>Screen Manager</Filter>
    </ClInclude>
    <ClInclude Include="ScreenGame.h">
      <Filter>Screen Manager</Filter>
    </ClInclude>
    <ClInclude Include="ScreenManager.h">
      <Filter>Screen Manager</Filter>
    </ClInclude>
    <ClInclude Include="ScreenMenu.h">
      <Filter>Screen Manager</Filter>
    </ClInclude>
    <ClInclude Include="GameObject.h">
      <Filter>Engine Library\Header</Filter>
    </ClInclude>
    <ClInclude Include="Pistol.h">
      <Filter>Weapon System\Pistol</Filter>
    </ClInclude>
    <ClInclude Include="Projectile.h">
      <Filter>Weapon System\Bullet</Filter>
    </ClInclude>
    <ClInclude Include="Weapon.h">
      <Filter>Weapon System</Filter>
    </ClInclude>
    <ClInclude Include="Rifle.h">
      <Filter>Weapon System\Rifle</Filter>
    </ClInclude>
    <ClInclude Include="Camera.h" />
    <ClInclude Include="BulletRifle.h">
      <Filter>Weapon System\Bullet</Filter>
    </ClInclude>
    <ClInclude Include="BaseBullet.h">
      <Filter>Weapon System\Bullet</Filter>
    </ClInclude>
  </ItemGroup>
  <ItemGroup>
    <ClCompile Include="Main.cpp">
      <Filter>Demo Files</Filter>
    </ClCompile>
    <ClCompile Include="Button.cpp">
      <Filter>Demo Files</Filter>
    </ClCompile>
    <ClCompile Include="Enemy.cpp">
      <Filter>BaseCharacter\NPC\Enemy</Filter>
    </ClCompile>
    <ClCompile Include="..\..\..\..\backup\Projekt\Projekt-Geming\vs\Project\Demo.cpp">
      <Filter>Demo Files</Filter>
    </ClCompile>
    <ClCompile Include="BaseCharacter.cpp">
      <Filter>BaseCharacter</Filter>
    </ClCompile>
    <ClCompile Include="WeaponManager.cpp">
      <Filter>Weapon System</Filter>
    </ClCompile>
    <ClCompile Include="BoundingBox.cpp">
      <Filter>Engine Library\Source Files</Filter>
    </ClCompile>
    <ClCompile Include="Game.cpp">
      <Filter>Engine Library\Source Files</Filter>
    </ClCompile>
    <ClCompile Include="Input.cpp">
      <Filter>Engine Library\Source Files</Filter>
    </ClCompile>
    <ClCompile Include="Music.cpp">
      <Filter>Engine Library\Source Files</Filter>
    </ClCompile>
    <ClCompile Include="Quad.cpp">
      <Filter>Engine Library\Source Files</Filter>
    </ClCompile>
    <ClCompile Include="SATCollision.cpp">
      <Filter>Engine Library\Source Files</Filter>
    </ClCompile>
    <ClCompile Include="Setting.cpp">
      <Filter>Engine Library\Source Files</Filter>
    </ClCompile>
    <ClCompile Include="Shader.cpp">
      <Filter>Engine Library\Source Files</Filter>
    </ClCompile>
    <ClCompile Include="Sound.cpp">
      <Filter>Engine Library\Source Files</Filter>
    </ClCompile>
    <ClCompile Include="Sprite.cpp">
      <Filter>Engine Library\Source Files</Filter>
    </ClCompile>
    <ClCompile Include="Testosteron.cpp">
      <Filter>Engine Library\Source Files</Filter>
    </ClCompile>
    <ClCompile Include="Text.cpp">
      <Filter>Engine Library\Source Files</Filter>
    </ClCompile>
    <ClCompile Include="Texture.cpp">
      <Filter>Engine Library\Source Files</Filter>
    </ClCompile>
    <ClCompile Include="Screen.cpp">
      <Filter>Screen Manager</Filter>
    </ClCompile>
    <ClCompile Include="ScreenGame.cpp">
      <Filter>Screen Manager</Filter>
    </ClCompile>
    <ClCompile Include="ScreenManager.cpp">
      <Filter>Screen Manager</Filter>
    </ClCompile>
    <ClCompile Include="ScreenMenu.cpp">
      <Filter>Screen Manager</Filter>
    </ClCompile>
    <ClCompile Include="GameObject.cpp">
      <Filter>Engine Library\Source Files</Filter>
    </ClCompile>
    <ClCompile Include="Player.cpp">
      <Filter>BaseCharacter\Player</Filter>
    </ClCompile>
    <ClCompile Include="Pistol.cpp">
      <Filter>Weapon System\Pistol</Filter>
    </ClCompile>
    <ClCompile Include="Projectile.cpp">
      <Filter>Weapon System\Bullet</Filter>
    </ClCompile>
    <ClCompile Include="Weapon.cpp">
      <Filter>Weapon System</Filter>
    </ClCompile>
    <ClCompile Include="Rifle.cpp">
      <Filter>Weapon System\Rifle</Filter>
    </ClCompile>
    <ClCompile Include="BulletRifle.cpp">
      <Filter>Weapon System\Bullet</Filter>
    </ClCompile>
    <ClCompile Include="BaseBullet.cpp">
      <Filter>Weapon System\Bullet</Filter>
    </ClCompile>
  </ItemGroup>
  <ItemGroup>
    <Image Include="..\..\..\..\backup\Projekt\Projekt-Geming\vs\Project\Pistol.png">
      <Filter>Assets\Weapon\Pistol</Filter>
    </Image>
    <Image Include="turtles.png">
      <Filter>Assets</Filter>
    </Image>
  </ItemGroup>
</Project>