<?xml version="1.0" encoding="utf-8"?>
<Project ToolsVersion="4.0" xmlns="http://schemas.microsoft.com/developer/msbuild/2003">
  <ItemGroup>
    <Filter Include="Source Files">
      <UniqueIdentifier>{4FC737F1-C7A5-4376-A066-2A32D752A2FF}</UniqueIdentifier>
      <Extensions>cpp;c;cc;cxx;def;odl;idl;hpj;bat;asm;asmx</Extensions>
    </Filter>
    <Filter Include="Header Files">
      <UniqueIdentifier>{93995380-89BD-4b04-88EB-625FBE52EBFB}</UniqueIdentifier>
      <Extensions>h;hh;hpp;hxx;hm;inl;inc;xsd</Extensions>
    </Filter>
    <Filter Include="Demo Files">
      <UniqueIdentifier>{34b4a4c9-782e-4ce9-bfa3-88e3da53d66a}</UniqueIdentifier>
    </Filter>
    <Filter Include="Shader Files">
      <UniqueIdentifier>{67DA6AB6-F800-4c08-8B7A-83BB121AAD01}</UniqueIdentifier>
      <Extensions>rc;ico;cur;bmp;dlg;rc2;rct;bin;rgs;gif;jpg;jpeg;jpe;resx;tiff;tif;png;wav;mfcribbon-ms</Extensions>
    </Filter>
    <Filter Include="Assets">
      <UniqueIdentifier>{977b02f5-001c-414e-a414-603494b85a3d}</UniqueIdentifier>
    </Filter>
    <Filter Include="Assets\Background">
      <UniqueIdentifier>{333307f0-71dc-49be-91fd-b2f465c8419c}</UniqueIdentifier>
    </Filter>
    <Filter Include="Header Files\Screen Manager">
      <UniqueIdentifier>{38420262-3c01-4c3c-8758-83a0de27d626}</UniqueIdentifier>
    </Filter>
    <Filter Include="Source Files\ScreenManager">
      <UniqueIdentifier>{121941c9-5b41-4551-bd90-237ca99dc940}</UniqueIdentifier>
    </Filter>
    <Filter Include="BaseCharacter">
      <UniqueIdentifier>{6f6de387-99f3-4c72-8d19-e8ce9837f564}</UniqueIdentifier>
    </Filter>
    <Filter Include="BaseCharacter\NPC">
      <UniqueIdentifier>{4f3f1c43-3517-4f05-9e05-59b7ce8a820f}</UniqueIdentifier>
    </Filter>
    <Filter Include="BaseCharacter\NPC\Enemy">
      <UniqueIdentifier>{bb3479d7-e765-4800-82d0-287f0f204f01}</UniqueIdentifier>
    </Filter>
    <Filter Include="BaseCharacter\Player">
      <UniqueIdentifier>{135c1c26-3b8a-446a-9c67-114f1f821b6e}</UniqueIdentifier>
    </Filter>
    <Filter Include="Weapon System">
      <UniqueIdentifier>{898ceb21-975c-48ca-882a-8fd8a1a22153}</UniqueIdentifier>
    </Filter>
  </ItemGroup>
  <ItemGroup>
    <None Include="sprite.frag">
      <Filter>Shader Files</Filter>
    </None>
    <None Include="sprite.vert">
      <Filter>Shader Files</Filter>
    </None>
    <None Include="text.frag">
      <Filter>Shader Files</Filter>
    </None>
    <None Include="text.vert">
      <Filter>Shader Files</Filter>
    </None>
  </ItemGroup>
  <ItemGroup>
    <ClInclude Include="Shader.h">
      <Filter>Header Files</Filter>
    </ClInclude>
    <ClInclude Include="Game.h">
      <Filter>Header Files</Filter>
    </ClInclude>
    <ClInclude Include="Input.h">
      <Filter>Header Files</Filter>
    </ClInclude>
    <ClInclude Include="Setting.h">
      <Filter>Header Files</Filter>
    </ClInclude>
    <ClInclude Include="Texture.h">
      <Filter>Header Files</Filter>
    </ClInclude>
    <ClInclude Include="Sprite.h">
      <Filter>Header Files</Filter>
    </ClInclude>
    <ClInclude Include="Quad.h">
      <Filter>Header Files</Filter>
    </ClInclude>
    <ClInclude Include="BoundingBox.h">
      <Filter>Header Files</Filter>
    </ClInclude>
    <ClInclude Include="Music.h">
      <Filter>Header Files</Filter>
    </ClInclude>
    <ClInclude Include="Sound.h">
      <Filter>Header Files</Filter>
    </ClInclude>
    <ClInclude Include="Text.h">
      <Filter>Header Files</Filter>
    </ClInclude>
    <ClInclude Include="SATCollision.h">
      <Filter>Header Files</Filter>
    </ClInclude>
    <ClInclude Include="Main.h">
      <Filter>Demo Files</Filter>
    </ClInclude>
    <ClInclude Include="GameObject.h">
      <Filter>Demo Files</Filter>
    </ClInclude>
    <ClInclude Include="Button.h">
      <Filter>Demo Files</Filter>
    </ClInclude>
    <ClInclude Include="Testosteron.h">
      <Filter>Header Files</Filter>
    </ClInclude>
    <ClInclude Include="ScreenManager.h">
      <Filter>Header Files\Screen Manager</Filter>
    </ClInclude>
    <ClInclude Include="ScreenMenu.h">
      <Filter>Header Files\Screen Manager</Filter>
    </ClInclude>
    <ClInclude Include="ScreenGame.h">
      <Filter>Header Files\Screen Manager</Filter>
    </ClInclude>
    <ClInclude Include="Screen.h">
      <Filter>Header Files\Screen Manager</Filter>
    </ClInclude>
    <ClInclude Include="Enemy.h">
      <Filter>BaseCharacter\NPC\Enemy</Filter>
    </ClInclude>
    <ClInclude Include="..\..\..\..\backup\Projekt\Projekt-Geming\vs\Project\Demo.h">
      <Filter>Demo Files</Filter>
    </ClInclude>
    <ClInclude Include="BaseCharacter.h">
      <Filter>BaseCharacter</Filter>
    </ClInclude>
    <ClInclude Include="Player.h">
      <Filter>BaseCharacter\Player</Filter>
    </ClInclude>
    <ClInclude Include="Weapon.h">
      <Filter>Weapon System</Filter>
    </ClInclude>
    <ClInclude Include="Projectile.h">
      <Filter>Weapon System</Filter>
    </ClInclude>
  </ItemGroup>
  <ItemGroup>
    <ClCompile Include="Shader.cpp">
      <Filter>Source Files</Filter>
    </ClCompile>
    <ClCompile Include="Game.cpp">
      <Filter>Source Files</Filter>
    </ClCompile>
    <ClCompile Include="Input.cpp">
      <Filter>Source Files</Filter>
    </ClCompile>
    <ClCompile Include="Setting.cpp">
      <Filter>Source Files</Filter>
    </ClCompile>
    <ClCompile Include="Texture.cpp">
      <Filter>Source Files</Filter>
    </ClCompile>
    <ClCompile Include="Sprite.cpp">
      <Filter>Source Files</Filter>
    </ClCompile>
    <ClCompile Include="Quad.cpp">
      <Filter>Source Files</Filter>
    </ClCompile>
    <ClCompile Include="BoundingBox.cpp">
      <Filter>Source Files</Filter>
    </ClCompile>
    <ClCompile Include="Music.cpp">
      <Filter>Source Files</Filter>
    </ClCompile>
    <ClCompile Include="Sound.cpp">
      <Filter>Source Files</Filter>
    </ClCompile>
    <ClCompile Include="Text.cpp">
      <Filter>Source Files</Filter>
    </ClCompile>
    <ClCompile Include="SATCollision.cpp">
      <Filter>Source Files</Filter>
    </ClCompile>
    <ClCompile Include="Main.cpp">
      <Filter>Demo Files</Filter>
    </ClCompile>
    <ClCompile Include="GameObject.cpp">
      <Filter>Demo Files</Filter>
    </ClCompile>
    <ClCompile Include="Button.cpp">
      <Filter>Demo Files</Filter>
    </ClCompile>
    <ClCompile Include="Testosteron.cpp">
      <Filter>Source Files</Filter>
    </ClCompile>
    <ClCompile Include="ScreenGame.cpp">
      <Filter>Source Files\ScreenManager</Filter>
    </ClCompile>
    <ClCompile Include="ScreenManager.cpp">
      <Filter>Source Files\ScreenManager</Filter>
    </ClCompile>
    <ClCompile Include="ScreenMenu.cpp">
      <Filter>Source Files\ScreenManager</Filter>
    </ClCompile>
    <ClCompile Include="Screen.cpp">
      <Filter>Source Files\ScreenManager</Filter>
    </ClCompile>
    <ClCompile Include="Enemy.cpp">
      <Filter>BaseCharacter\NPC\Enemy</Filter>
    </ClCompile>
    <ClCompile Include="..\..\..\..\backup\Projekt\Projekt-Geming\vs\Project\Demo.cpp">
      <Filter>Demo Files</Filter>
    </ClCompile>
    <ClCompile Include="BaseCharacter.cpp">
      <Filter>BaseCharacter</Filter>
    </ClCompile>
    <ClCompile Include="Player.cpp">
      <Filter>Source Files</Filter>
    </ClCompile>
    <ClCompile Include="Projectile.cpp">
      <Filter>Weapon System</Filter>
    </ClCompile>
    <ClCompile Include="Weapon.cpp">
      <Filter>Weapon System</Filter>
    </ClCompile>
  </ItemGroup>
</Project>